// !$*UTF8*$!
{
	archiveVersion = 1;
	classes = {
	};
	objectVersion = 56;
	objects = {

/* Begin PBXBuildFile section */
		BD3BDCF72A7ADC6600B2C6E1 /* Page3DishAdd.swift in Sources */ = {isa = PBXBuildFile; fileRef = BD3BDCF62A7ADC6600B2C6E1 /* Page3DishAdd.swift */; };
		BD7E38C32A7BF02A0007C268 /* searchingForItalian.swift in Sources */ = {isa = PBXBuildFile; fileRef = BD7E38C22A7BF02A0007C268 /* searchingForItalian.swift */; };
		BD7E38C52A7BF1C10007C268 /* searchingForCuisine.swift in Sources */ = {isa = PBXBuildFile; fileRef = BD7E38C42A7BF1C10007C268 /* searchingForCuisine.swift */; };
		BD7E38C72A7BF7D30007C268 /* searchingForChinese.swift in Sources */ = {isa = PBXBuildFile; fileRef = BD7E38C62A7BF7D30007C268 /* searchingForChinese.swift */; };
		BDEA71582A7AC903008A67DD /* FINAL_APPApp.swift in Sources */ = {isa = PBXBuildFile; fileRef = BDEA71572A7AC903008A67DD /* FINAL_APPApp.swift */; };
		BDEA715C2A7AC904008A67DD /* Assets.xcassets in Resources */ = {isa = PBXBuildFile; fileRef = BDEA715B2A7AC904008A67DD /* Assets.xcassets */; };
		BDEA715F2A7AC904008A67DD /* Preview Assets.xcassets in Resources */ = {isa = PBXBuildFile; fileRef = BDEA715E2A7AC904008A67DD /* Preview Assets.xcassets */; };
		BDEA71612A7AC904008A67DD /* Persistence.swift in Sources */ = {isa = PBXBuildFile; fileRef = BDEA71602A7AC904008A67DD /* Persistence.swift */; };
		BDEA71642A7AC904008A67DD /* FINAL_APP.xcdatamodeld in Sources */ = {isa = PBXBuildFile; fileRef = BDEA71622A7AC904008A67DD /* FINAL_APP.xcdatamodeld */; };
		BDEA716B2A7AC95F008A67DD /* HomePage.swift in Sources */ = {isa = PBXBuildFile; fileRef = BDEA716A2A7AC95F008A67DD /* HomePage.swift */; };
		BDEA716D2A7ACB19008A67DD /* Page2RestaurantAdd.swift in Sources */ = {isa = PBXBuildFile; fileRef = BDEA716C2A7ACB18008A67DD /* Page2RestaurantAdd.swift */; };
		BDEA716F2A7ACBFF008A67DD /* RatingView.swift in Sources */ = {isa = PBXBuildFile; fileRef = BDEA716E2A7ACBFF008A67DD /* RatingView.swift */; };
/* End PBXBuildFile section */

/* Begin PBXFileReference section */
		BD3BDCF62A7ADC6600B2C6E1 /* Page3DishAdd.swift */ = {isa = PBXFileReference; lastKnownFileType = sourcecode.swift; path = Page3DishAdd.swift; sourceTree = "<group>"; };
		BD7E38C22A7BF02A0007C268 /* searchingForItalian.swift */ = {isa = PBXFileReference; lastKnownFileType = sourcecode.swift; path = searchingForItalian.swift; sourceTree = "<group>"; };
		BD7E38C42A7BF1C10007C268 /* searchingForCuisine.swift */ = {isa = PBXFileReference; lastKnownFileType = sourcecode.swift; path = searchingForCuisine.swift; sourceTree = "<group>"; };
		BD7E38C62A7BF7D30007C268 /* searchingForChinese.swift */ = {isa = PBXFileReference; lastKnownFileType = sourcecode.swift; path = searchingForChinese.swift; sourceTree = "<group>"; };
		BDEA71542A7AC903008A67DD /* FINAL APP.app */ = {isa = PBXFileReference; explicitFileType = wrapper.application; includeInIndex = 0; path = "FINAL APP.app"; sourceTree = BUILT_PRODUCTS_DIR; };
		BDEA71572A7AC903008A67DD /* FINAL_APPApp.swift */ = {isa = PBXFileReference; lastKnownFileType = sourcecode.swift; path = FINAL_APPApp.swift; sourceTree = "<group>"; };
		BDEA715B2A7AC904008A67DD /* Assets.xcassets */ = {isa = PBXFileReference; lastKnownFileType = folder.assetcatalog; path = Assets.xcassets; sourceTree = "<group>"; };
		BDEA715E2A7AC904008A67DD /* Preview Assets.xcassets */ = {isa = PBXFileReference; lastKnownFileType = folder.assetcatalog; path = "Preview Assets.xcassets"; sourceTree = "<group>"; };
		BDEA71602A7AC904008A67DD /* Persistence.swift */ = {isa = PBXFileReference; lastKnownFileType = sourcecode.swift; path = Persistence.swift; sourceTree = "<group>"; };
		BDEA71632A7AC904008A67DD /* FINAL_APP.xcdatamodel */ = {isa = PBXFileReference; lastKnownFileType = wrapper.xcdatamodel; path = FINAL_APP.xcdatamodel; sourceTree = "<group>"; };
		BDEA716A2A7AC95F008A67DD /* HomePage.swift */ = {isa = PBXFileReference; lastKnownFileType = sourcecode.swift; path = HomePage.swift; sourceTree = "<group>"; };
		BDEA716C2A7ACB18008A67DD /* Page2RestaurantAdd.swift */ = {isa = PBXFileReference; lastKnownFileType = sourcecode.swift; path = Page2RestaurantAdd.swift; sourceTree = "<group>"; };
		BDEA716E2A7ACBFF008A67DD /* RatingView.swift */ = {isa = PBXFileReference; lastKnownFileType = sourcecode.swift; path = RatingView.swift; sourceTree = "<group>"; };
/* End PBXFileReference section */

/* Begin PBXFrameworksBuildPhase section */
		BDEA71512A7AC903008A67DD /* Frameworks */ = {
			isa = PBXFrameworksBuildPhase;
			buildActionMask = 2147483647;
			files = (
			);
			runOnlyForDeploymentPostprocessing = 0;
		};
/* End PBXFrameworksBuildPhase section */

/* Begin PBXGroup section */
		BDEA714B2A7AC903008A67DD = {
			isa = PBXGroup;
			children = (
				BDEA71562A7AC903008A67DD /* FINAL APP */,
				BDEA71552A7AC903008A67DD /* Products */,
			);
			sourceTree = "<group>";
		};
		BDEA71552A7AC903008A67DD /* Products */ = {
			isa = PBXGroup;
			children = (
				BDEA71542A7AC903008A67DD /* FINAL APP.app */,
			);
			name = Products;
			sourceTree = "<group>";
		};
		BDEA71562A7AC903008A67DD /* FINAL APP */ = {
			isa = PBXGroup;
			children = (
				BDEA71572A7AC903008A67DD /* FINAL_APPApp.swift */,
				BDEA716A2A7AC95F008A67DD /* HomePage.swift */,
				BDEA716C2A7ACB18008A67DD /* Page2RestaurantAdd.swift */,
				BD3BDCF62A7ADC6600B2C6E1 /* Page3DishAdd.swift */,
				BD7E38C42A7BF1C10007C268 /* searchingForCuisine.swift */,
				BD7E38C22A7BF02A0007C268 /* searchingForItalian.swift */,
				BD7E38C62A7BF7D30007C268 /* searchingForChinese.swift */,
				BDEA716E2A7ACBFF008A67DD /* RatingView.swift */,
				BDEA715B2A7AC904008A67DD /* Assets.xcassets */,
				BDEA71602A7AC904008A67DD /* Persistence.swift */,
				BDEA71622A7AC904008A67DD /* FINAL_APP.xcdatamodeld */,
				BDEA715D2A7AC904008A67DD /* Preview Content */,
			);
			path = "FINAL APP";
			sourceTree = "<group>";
		};
		BDEA715D2A7AC904008A67DD /* Preview Content */ = {
			isa = PBXGroup;
			children = (
				BDEA715E2A7AC904008A67DD /* Preview Assets.xcassets */,
			);
			path = "Preview Content";
			sourceTree = "<group>";
		};
/* End PBXGroup section */

/* Begin PBXNativeTarget section */
		BDEA71532A7AC903008A67DD /* FINAL APP */ = {
			isa = PBXNativeTarget;
			buildConfigurationList = BDEA71672A7AC904008A67DD /* Build configuration list for PBXNativeTarget "FINAL APP" */;
			buildPhases = (
				BDEA71502A7AC903008A67DD /* Sources */,
				BDEA71512A7AC903008A67DD /* Frameworks */,
				BDEA71522A7AC903008A67DD /* Resources */,
			);
			buildRules = (
			);
			dependencies = (
			);
			name = "FINAL APP";
			productName = "FINAL APP";
			productReference = BDEA71542A7AC903008A67DD /* FINAL APP.app */;
			productType = "com.apple.product-type.application";
		};
/* End PBXNativeTarget section */

/* Begin PBXProject section */
		BDEA714C2A7AC903008A67DD /* Project object */ = {
			isa = PBXProject;
			attributes = {
				BuildIndependentTargetsInParallel = 1;
				LastSwiftUpdateCheck = 1430;
				LastUpgradeCheck = 1430;
				TargetAttributes = {
					BDEA71532A7AC903008A67DD = {
						CreatedOnToolsVersion = 14.3.1;
					};
				};
			};
			buildConfigurationList = BDEA714F2A7AC903008A67DD /* Build configuration list for PBXProject "FINAL APP" */;
			compatibilityVersion = "Xcode 14.0";
			developmentRegion = en;
			hasScannedForEncodings = 0;
			knownRegions = (
				en,
				Base,
			);
			mainGroup = BDEA714B2A7AC903008A67DD;
			productRefGroup = BDEA71552A7AC903008A67DD /* Products */;
			projectDirPath = "";
			projectRoot = "";
			targets = (
				BDEA71532A7AC903008A67DD /* FINAL APP */,
			);
		};
/* End PBXProject section */

/* Begin PBXResourcesBuildPhase section */
		BDEA71522A7AC903008A67DD /* Resources */ = {
			isa = PBXResourcesBuildPhase;
			buildActionMask = 2147483647;
			files = (
				BDEA715F2A7AC904008A67DD /* Preview Assets.xcassets in Resources */,
				BDEA715C2A7AC904008A67DD /* Assets.xcassets in Resources */,
			);
			runOnlyForDeploymentPostprocessing = 0;
		};
/* End PBXResourcesBuildPhase section */

/* Begin PBXSourcesBuildPhase section */
		BDEA71502A7AC903008A67DD /* Sources */ = {
			isa = PBXSourcesBuildPhase;
			buildActionMask = 2147483647;
			files = (
				BDEA716D2A7ACB19008A67DD /* Page2RestaurantAdd.swift in Sources */,
				BD3BDCF72A7ADC6600B2C6E1 /* Page3DishAdd.swift in Sources */,
				BDEA716B2A7AC95F008A67DD /* HomePage.swift in Sources */,
				BD7E38C52A7BF1C10007C268 /* searchingForCuisine.swift in Sources */,
				BDEA71642A7AC904008A67DD /* FINAL_APP.xcdatamodeld in Sources */,
				BD7E38C32A7BF02A0007C268 /* searchingForItalian.swift in Sources */,
				BDEA71612A7AC904008A67DD /* Persistence.swift in Sources */,
				BDEA71582A7AC903008A67DD /* FINAL_APPApp.swift in Sources */,
				BD7E38C72A7BF7D30007C268 /* searchingForChinese.swift in Sources */,
				BDEA716F2A7ACBFF008A67DD /* RatingView.swift in Sources */,
			);
			runOnlyForDeploymentPostprocessing = 0;
		};
/* End PBXSourcesBuildPhase section */

/* Begin XCBuildConfiguration section */
		BDEA71652A7AC904008A67DD /* Debug */ = {
			isa = XCBuildConfiguration;
			buildSettings = {
				ALWAYS_SEARCH_USER_PATHS = NO;
				CLANG_ANALYZER_NONNULL = YES;
				CLANG_ANALYZER_NUMBER_OBJECT_CONVERSION = YES_AGGRESSIVE;
				CLANG_CXX_LANGUAGE_STANDARD = "gnu++20";
				CLANG_ENABLE_MODULES = YES;
				CLANG_ENABLE_OBJC_ARC = YES;
				CLANG_ENABLE_OBJC_WEAK = YES;
				CLANG_WARN_BLOCK_CAPTURE_AUTORELEASING = YES;
				CLANG_WARN_BOOL_CONVERSION = YES;
				CLANG_WARN_COMMA = YES;
				CLANG_WARN_CONSTANT_CONVERSION = YES;
				CLANG_WARN_DEPRECATED_OBJC_IMPLEMENTATIONS = YES;
				CLANG_WARN_DIRECT_OBJC_ISA_USAGE = YES_ERROR;
				CLANG_WARN_DOCUMENTATION_COMMENTS = YES;
				CLANG_WARN_EMPTY_BODY = YES;
				CLANG_WARN_ENUM_CONVERSION = YES;
				CLANG_WARN_INFINITE_RECURSION = YES;
				CLANG_WARN_INT_CONVERSION = YES;
				CLANG_WARN_NON_LITERAL_NULL_CONVERSION = YES;
				CLANG_WARN_OBJC_IMPLICIT_RETAIN_SELF = YES;
				CLANG_WARN_OBJC_LITERAL_CONVERSION = YES;
				CLANG_WARN_OBJC_ROOT_CLASS = YES_ERROR;
				CLANG_WARN_QUOTED_INCLUDE_IN_FRAMEWORK_HEADER = YES;
				CLANG_WARN_RANGE_LOOP_ANALYSIS = YES;
				CLANG_WARN_STRICT_PROTOTYPES = YES;
				CLANG_WARN_SUSPICIOUS_MOVE = YES;
				CLANG_WARN_UNGUARDED_AVAILABILITY = YES_AGGRESSIVE;
				CLANG_WARN_UNREACHABLE_CODE = YES;
				CLANG_WARN__DUPLICATE_METHOD_MATCH = YES;
				COPY_PHASE_STRIP = NO;
				DEBUG_INFORMATION_FORMAT = dwarf;
				ENABLE_STRICT_OBJC_MSGSEND = YES;
				ENABLE_TESTABILITY = YES;
				GCC_C_LANGUAGE_STANDARD = gnu11;
				GCC_DYNAMIC_NO_PIC = NO;
				GCC_NO_COMMON_BLOCKS = YES;
				GCC_OPTIMIZATION_LEVEL = 0;
				GCC_PREPROCESSOR_DEFINITIONS = (
					"DEBUG=1",
					"$(inherited)",
				);
				GCC_WARN_64_TO_32_BIT_CONVERSION = YES;
				GCC_WARN_ABOUT_RETURN_TYPE = YES_ERROR;
				GCC_WARN_UNDECLARED_SELECTOR = YES;
				GCC_WARN_UNINITIALIZED_AUTOS = YES_AGGRESSIVE;
				GCC_WARN_UNUSED_FUNCTION = YES;
				GCC_WARN_UNUSED_VARIABLE = YES;
				IPHONEOS_DEPLOYMENT_TARGET = 16.4;
				MTL_ENABLE_DEBUG_INFO = INCLUDE_SOURCE;
				MTL_FAST_MATH = YES;
				ONLY_ACTIVE_ARCH = YES;
				SDKROOT = iphoneos;
				SWIFT_ACTIVE_COMPILATION_CONDITIONS = DEBUG;
				SWIFT_OPTIMIZATION_LEVEL = "-Onone";
			};
			name = Debug;
		};
		BDEA71662A7AC904008A67DD /* Release */ = {
			isa = XCBuildConfiguration;
			buildSettings = {
				ALWAYS_SEARCH_USER_PATHS = NO;
				CLANG_ANALYZER_NONNULL = YES;
				CLANG_ANALYZER_NUMBER_OBJECT_CONVERSION = YES_AGGRESSIVE;
				CLANG_CXX_LANGUAGE_STANDARD = "gnu++20";
				CLANG_ENABLE_MODULES = YES;
				CLANG_ENABLE_OBJC_ARC = YES;
				CLANG_ENABLE_OBJC_WEAK = YES;
				CLANG_WARN_BLOCK_CAPTURE_AUTORELEASING = YES;
				CLANG_WARN_BOOL_CONVERSION = YES;
				CLANG_WARN_COMMA = YES;
				CLANG_WARN_CONSTANT_CONVERSION = YES;
				CLANG_WARN_DEPRECATED_OBJC_IMPLEMENTATIONS = YES;
				CLANG_WARN_DIRECT_OBJC_ISA_USAGE = YES_ERROR;
				CLANG_WARN_DOCUMENTATION_COMMENTS = YES;
				CLANG_WARN_EMPTY_BODY = YES;
				CLANG_WARN_ENUM_CONVERSION = YES;
				CLANG_WARN_INFINITE_RECURSION = YES;
				CLANG_WARN_INT_CONVERSION = YES;
				CLANG_WARN_NON_LITERAL_NULL_CONVERSION = YES;
				CLANG_WARN_OBJC_IMPLICIT_RETAIN_SELF = YES;
				CLANG_WARN_OBJC_LITERAL_CONVERSION = YES;
				CLANG_WARN_OBJC_ROOT_CLASS = YES_ERROR;
				CLANG_WARN_QUOTED_INCLUDE_IN_FRAMEWORK_HEADER = YES;
				CLANG_WARN_RANGE_LOOP_ANALYSIS = YES;
				CLANG_WARN_STRICT_PROTOTYPES = YES;
				CLANG_WARN_SUSPICIOUS_MOVE = YES;
				CLANG_WARN_UNGUARDED_AVAILABILITY = YES_AGGRESSIVE;
				CLANG_WARN_UNREACHABLE_CODE = YES;
				CLANG_WARN__DUPLICATE_METHOD_MATCH = YES;
				COPY_PHASE_STRIP = NO;
				DEBUG_INFORMATION_FORMAT = "dwarf-with-dsym";
				ENABLE_NS_ASSERTIONS = NO;
				ENABLE_STRICT_OBJC_MSGSEND = YES;
				GCC_C_LANGUAGE_STANDARD = gnu11;
				GCC_NO_COMMON_BLOCKS = YES;
				GCC_WARN_64_TO_32_BIT_CONVERSION = YES;
				GCC_WARN_ABOUT_RETURN_TYPE = YES_ERROR;
				GCC_WARN_UNDECLARED_SELECTOR = YES;
				GCC_WARN_UNINITIALIZED_AUTOS = YES_AGGRESSIVE;
				GCC_WARN_UNUSED_FUNCTION = YES;
				GCC_WARN_UNUSED_VARIABLE = YES;
				IPHONEOS_DEPLOYMENT_TARGET = 16.4;
				MTL_ENABLE_DEBUG_INFO = NO;
				MTL_FAST_MATH = YES;
				SDKROOT = iphoneos;
				SWIFT_COMPILATION_MODE = wholemodule;
				SWIFT_OPTIMIZATION_LEVEL = "-O";
				VALIDATE_PRODUCT = YES;
			};
			name = Release;
		};
		BDEA71682A7AC904008A67DD /* Debug */ = {
			isa = XCBuildConfiguration;
			buildSettings = {
				ASSETCATALOG_COMPILER_APPICON_NAME = AppIcon;
				ASSETCATALOG_COMPILER_GLOBAL_ACCENT_COLOR_NAME = AccentColor;
				CODE_SIGN_STYLE = Automatic;
				CURRENT_PROJECT_VERSION = 1;
				DEVELOPMENT_ASSET_PATHS = "\"FINAL APP/Preview Content\"";
				DEVELOPMENT_TEAM = 2288K89N44;
				ENABLE_PREVIEWS = YES;
				GENERATE_INFOPLIST_FILE = YES;
				INFOPLIST_KEY_UIApplicationSceneManifest_Generation = YES;
				INFOPLIST_KEY_UIApplicationSupportsIndirectInputEvents = YES;
				INFOPLIST_KEY_UILaunchScreen_Generation = YES;
				INFOPLIST_KEY_UISupportedInterfaceOrientations_iPad = "UIInterfaceOrientationPortrait UIInterfaceOrientationPortraitUpsideDown UIInterfaceOrientationLandscapeLeft UIInterfaceOrientationLandscapeRight";
				INFOPLIST_KEY_UISupportedInterfaceOrientations_iPhone = "UIInterfaceOrientationPortrait UIInterfaceOrientationLandscapeLeft UIInterfaceOrientationLandscapeRight";
				LD_RUNPATH_SEARCH_PATHS = (
					"$(inherited)",
					"@executable_path/Frameworks",
				);
				MARKETING_VERSION = 1.0;
				PRODUCT_BUNDLE_IDENTIFIER = "KWK.FINAL-APP";
				PRODUCT_NAME = "$(TARGET_NAME)";
				SWIFT_EMIT_LOC_STRINGS = YES;
				SWIFT_VERSION = 5.0;
				TARGETED_DEVICE_FAMILY = "1,2";
			};
			name = Debug;
		};
		BDEA71692A7AC904008A67DD /* Release */ = {
			isa = XCBuildConfiguration;
			buildSettings = {
				ASSETCATALOG_COMPILER_APPICON_NAME = AppIcon;
				ASSETCATALOG_COMPILER_GLOBAL_ACCENT_COLOR_NAME = AccentColor;
				CODE_SIGN_STYLE = Automatic;
				CURRENT_PROJECT_VERSION = 1;
				DEVELOPMENT_ASSET_PATHS = "\"FINAL APP/Preview Content\"";
				DEVELOPMENT_TEAM = 2288K89N44;
				ENABLE_PREVIEWS = YES;
				GENERATE_INFOPLIST_FILE = YES;
				INFOPLIST_KEY_UIApplicationSceneManifest_Generation = YES;
				INFOPLIST_KEY_UIApplicationSupportsIndirectInputEvents = YES;
				INFOPLIST_KEY_UILaunchScreen_Generation = YES;
				INFOPLIST_KEY_UISupportedInterfaceOrientations_iPad = "UIInterfaceOrientationPortrait UIInterfaceOrientationPortraitUpsideDown UIInterfaceOrientationLandscapeLeft UIInterfaceOrientationLandscapeRight";
				INFOPLIST_KEY_UISupportedInterfaceOrientations_iPhone = "UIInterfaceOrientationPortrait UIInterfaceOrientationLandscapeLeft UIInterfaceOrientationLandscapeRight";
				LD_RUNPATH_SEARCH_PATHS = (
					"$(inherited)",
					"@executable_path/Frameworks",
				);
				MARKETING_VERSION = 1.0;
				PRODUCT_BUNDLE_IDENTIFIER = "KWK.FINAL-APP";
				PRODUCT_NAME = "$(TARGET_NAME)";
				SWIFT_EMIT_LOC_STRINGS = YES;
				SWIFT_VERSION = 5.0;
				TARGETED_DEVICE_FAMILY = "1,2";
			};
			name = Release;
		};
/* End XCBuildConfiguration section */

/* Begin XCConfigurationList section */
		BDEA714F2A7AC903008A67DD /* Build configuration list for PBXProject "FINAL APP" */ = {
			isa = XCConfigurationList;
			buildConfigurations = (
				BDEA71652A7AC904008A67DD /* Debug */,
				BDEA71662A7AC904008A67DD /* Release */,
			);
			defaultConfigurationIsVisible = 0;
			defaultConfigurationName = Release;
		};
		BDEA71672A7AC904008A67DD /* Build configuration list for PBXNativeTarget "FINAL APP" */ = {
			isa = XCConfigurationList;
			buildConfigurations = (
				BDEA71682A7AC904008A67DD /* Debug */,
				BDEA71692A7AC904008A67DD /* Release */,
			);
			defaultConfigurationIsVisible = 0;
			defaultConfigurationName = Release;
		};
/* End XCConfigurationList section */

/* Begin XCVersionGroup section */
		BDEA71622A7AC904008A67DD /* FINAL_APP.xcdatamodeld */ = {
			isa = XCVersionGroup;
			children = (
				BDEA71632A7AC904008A67DD /* FINAL_APP.xcdatamodel */,
			);
			currentVersion = BDEA71632A7AC904008A67DD /* FINAL_APP.xcdatamodel */;
			path = FINAL_APP.xcdatamodeld;
			sourceTree = "<group>";
			versionGroupType = wrapper.xcdatamodel;
		};
/* End XCVersionGroup section */
	};
	rootObject = BDEA714C2A7AC903008A67DD /* Project object */;
}
